// !$*UTF8*$!
{
	archiveVersion = 1;
	classes = {
	};
	objectVersion = 55;
	objects = {

/* Begin PBXBuildFile section */
		D0C8BDAB2AA2CE6100094175 /* AppDelegate.swift in Sources */ = {isa = PBXBuildFile; fileRef = D0C8BDAA2AA2CE6100094175 /* AppDelegate.swift */; };
		D0C8BDAD2AA2CE6100094175 /* SceneDelegate.swift in Sources */ = {isa = PBXBuildFile; fileRef = D0C8BDAC2AA2CE6100094175 /* SceneDelegate.swift */; };
		D0C8BDAF2AA2CE6100094175 /* ViewController.swift in Sources */ = {isa = PBXBuildFile; fileRef = D0C8BDAE2AA2CE6100094175 /* ViewController.swift */; };
		D0C8BDB22AA2CE6100094175 /* Main.storyboard in Resources */ = {isa = PBXBuildFile; fileRef = D0C8BDB02AA2CE6100094175 /* Main.storyboard */; };
		D0C8BDB42AA2CE6400094175 /* Assets.xcassets in Resources */ = {isa = PBXBuildFile; fileRef = D0C8BDB32AA2CE6400094175 /* Assets.xcassets */; };
		D0C8BDB72AA2CE6400094175 /* LaunchScreen.storyboard in Resources */ = {isa = PBXBuildFile; fileRef = D0C8BDB52AA2CE6400094175 /* LaunchScreen.storyboard */; };
		D0C8BDC22AA2CE6400094175 /* HackwichTwo_TestTests.swift in Sources */ = {isa = PBXBuildFile; fileRef = D0C8BDC12AA2CE6400094175 /* HackwichTwo_TestTests.swift */; };
		D0C8BDCC2AA2CE6400094175 /* HackwichTwo_TestUITests.swift in Sources */ = {isa = PBXBuildFile; fileRef = D0C8BDCB2AA2CE6400094175 /* HackwichTwo_TestUITests.swift */; };
		D0C8BDCE2AA2CE6400094175 /* HackwichTwo_TestUITestsLaunchTests.swift in Sources */ = {isa = PBXBuildFile; fileRef = D0C8BDCD2AA2CE6400094175 /* HackwichTwo_TestUITestsLaunchTests.swift */; };
		D0C8BE192AA8FEBD00094175 /* secondViewController.swift in Sources */ = {isa = PBXBuildFile; fileRef = D0C8BE182AA8FEBD00094175 /* secondViewController.swift */; };
/* End PBXBuildFile section */

/* Begin PBXContainerItemProxy section */
		D0C8BDBE2AA2CE6400094175 /* PBXContainerItemProxy */ = {
			isa = PBXContainerItemProxy;
			containerPortal = D0C8BD9F2AA2CE6100094175 /* Project object */;
			proxyType = 1;
			remoteGlobalIDString = D0C8BDA62AA2CE6100094175;
			remoteInfo = HackwichTwo_Test;
		};
		D0C8BDC82AA2CE6400094175 /* PBXContainerItemProxy */ = {
			isa = PBXContainerItemProxy;
			containerPortal = D0C8BD9F2AA2CE6100094175 /* Project object */;
			proxyType = 1;
			remoteGlobalIDString = D0C8BDA62AA2CE6100094175;
			remoteInfo = HackwichTwo_Test;
		};
/* End PBXContainerItemProxy section */

/* Begin PBXFileReference section */
		D0C8BDA72AA2CE6100094175 /* HackwichTwo_Test.app */ = {isa = PBXFileReference; explicitFileType = wrapper.application; includeInIndex = 0; path = HackwichTwo_Test.app; sourceTree = BUILT_PRODUCTS_DIR; };
		D0C8BDAA2AA2CE6100094175 /* AppDelegate.swift */ = {isa = PBXFileReference; lastKnownFileType = sourcecode.swift; path = AppDelegate.swift; sourceTree = "<group>"; };
		D0C8BDAC2AA2CE6100094175 /* SceneDelegate.swift */ = {isa = PBXFileReference; lastKnownFileType = sourcecode.swift; path = SceneDelegate.swift; sourceTree = "<group>"; };
		D0C8BDAE2AA2CE6100094175 /* ViewController.swift */ = {isa = PBXFileReference; lastKnownFileType = sourcecode.swift; path = ViewController.swift; sourceTree = "<group>"; };
		D0C8BDB12AA2CE6100094175 /* Base */ = {isa = PBXFileReference; lastKnownFileType = file.storyboard; name = Base; path = Base.lproj/Main.storyboard; sourceTree = "<group>"; };
		D0C8BDB32AA2CE6400094175 /* Assets.xcassets */ = {isa = PBXFileReference; lastKnownFileType = folder.assetcatalog; path = Assets.xcassets; sourceTree = "<group>"; };
		D0C8BDB62AA2CE6400094175 /* Base */ = {isa = PBXFileReference; lastKnownFileType = file.storyboard; name = Base; path = Base.lproj/LaunchScreen.storyboard; sourceTree = "<group>"; };
		D0C8BDB82AA2CE6400094175 /* Info.plist */ = {isa = PBXFileReference; lastKnownFileType = text.plist.xml; path = Info.plist; sourceTree = "<group>"; };
		D0C8BDBD2AA2CE6400094175 /* HackwichTwo_TestTests.xctest */ = {isa = PBXFileReference; explicitFileType = wrapper.cfbundle; includeInIndex = 0; path = HackwichTwo_TestTests.xctest; sourceTree = BUILT_PRODUCTS_DIR; };
		D0C8BDC12AA2CE6400094175 /* HackwichTwo_TestTests.swift */ = {isa = PBXFileReference; lastKnownFileType = sourcecode.swift; path = HackwichTwo_TestTests.swift; sourceTree = "<group>"; };
		D0C8BDC72AA2CE6400094175 /* HackwichTwo_TestUITests.xctest */ = {isa = PBXFileReference; explicitFileType = wrapper.cfbundle; includeInIndex = 0; path = HackwichTwo_TestUITests.xctest; sourceTree = BUILT_PRODUCTS_DIR; };
		D0C8BDCB2AA2CE6400094175 /* HackwichTwo_TestUITests.swift */ = {isa = PBXFileReference; lastKnownFileType = sourcecode.swift; path = HackwichTwo_TestUITests.swift; sourceTree = "<group>"; };
		D0C8BDCD2AA2CE6400094175 /* HackwichTwo_TestUITestsLaunchTests.swift */ = {isa = PBXFileReference; lastKnownFileType = sourcecode.swift; path = HackwichTwo_TestUITestsLaunchTests.swift; sourceTree = "<group>"; };
		D0C8BE182AA8FEBD00094175 /* secondViewController.swift */ = {isa = PBXFileReference; lastKnownFileType = sourcecode.swift; path = secondViewController.swift; sourceTree = SOURCE_ROOT; };
/* End PBXFileReference section */

/* Begin PBXFrameworksBuildPhase section */
		D0C8BDA42AA2CE6100094175 /* Frameworks */ = {
			isa = PBXFrameworksBuildPhase;
			buildActionMask = 2147483647;
			files = (
			);
			runOnlyForDeploymentPostprocessing = 0;
		};
		D0C8BDBA2AA2CE6400094175 /* Frameworks */ = {
			isa = PBXFrameworksBuildPhase;
			buildActionMask = 2147483647;
			files = (
			);
			runOnlyForDeploymentPostprocessing = 0;
		};
		D0C8BDC42AA2CE6400094175 /* Frameworks */ = {
			isa = PBXFrameworksBuildPhase;
			buildActionMask = 2147483647;
			files = (
			);
			runOnlyForDeploymentPostprocessing = 0;
		};
/* End PBXFrameworksBuildPhase section */

/* Begin PBXGroup section */
		D0C8BD9E2AA2CE6100094175 = {
			isa = PBXGroup;
			children = (
				D0C8BDA92AA2CE6100094175 /* HackwichTwo_Test */,
				D0C8BDC02AA2CE6400094175 /* HackwichTwo_TestTests */,
				D0C8BDCA2AA2CE6400094175 /* HackwichTwo_TestUITests */,
				D0C8BDA82AA2CE6100094175 /* Products */,
			);
			sourceTree = "<group>";
		};
		D0C8BDA82AA2CE6100094175 /* Products */ = {
			isa = PBXGroup;
			children = (
				D0C8BDA72AA2CE6100094175 /* HackwichTwo_Test.app */,
				D0C8BDBD2AA2CE6400094175 /* HackwichTwo_TestTests.xctest */,
				D0C8BDC72AA2CE6400094175 /* HackwichTwo_TestUITests.xctest */,
			);
			name = Products;
			sourceTree = "<group>";
		};
		D0C8BDA92AA2CE6100094175 /* HackwichTwo_Test */ = {
			isa = PBXGroup;
			children = (
				D0C8BE182AA8FEBD00094175 /* secondViewController.swift */,
				D0C8BDAA2AA2CE6100094175 /* AppDelegate.swift */,
				D0C8BDAC2AA2CE6100094175 /* SceneDelegate.swift */,
				D0C8BDAE2AA2CE6100094175 /* ViewController.swift */,
				D0C8BDB02AA2CE6100094175 /* Main.storyboard */,
				D0C8BDB32AA2CE6400094175 /* Assets.xcassets */,
				D0C8BDB52AA2CE6400094175 /* LaunchScreen.storyboard */,
				D0C8BDB82AA2CE6400094175 /* Info.plist */,
			);
			path = HackwichTwo_Test;
			sourceTree = "<group>";
		};
		D0C8BDC02AA2CE6400094175 /* HackwichTwo_TestTests */ = {
			isa = PBXGroup;
			children = (
				D0C8BDC12AA2CE6400094175 /* HackwichTwo_TestTests.swift */,
			);
			path = HackwichTwo_TestTests;
			sourceTree = "<group>";
		};
		D0C8BDCA2AA2CE6400094175 /* HackwichTwo_TestUITests */ = {
			isa = PBXGroup;
			children = (
				D0C8BDCB2AA2CE6400094175 /* HackwichTwo_TestUITests.swift */,
				D0C8BDCD2AA2CE6400094175 /* HackwichTwo_TestUITestsLaunchTests.swift */,
			);
			path = HackwichTwo_TestUITests;
			sourceTree = "<group>";
		};
/* End PBXGroup section */

/* Begin PBXNativeTarget section */
		D0C8BDA62AA2CE6100094175 /* HackwichTwo_Test */ = {
			isa = PBXNativeTarget;
			buildConfigurationList = D0C8BDD12AA2CE6400094175 /* Build configuration list for PBXNativeTarget "HackwichTwo_Test" */;
			buildPhases = (
				D0C8BDA32AA2CE6100094175 /* Sources */,
				D0C8BDA42AA2CE6100094175 /* Frameworks */,
				D0C8BDA52AA2CE6100094175 /* Resources */,
			);
			buildRules = (
			);
			dependencies = (
			);
			name = HackwichTwo_Test;
			productName = HackwichTwo_Test;
			productReference = D0C8BDA72AA2CE6100094175 /* HackwichTwo_Test.app */;
			productType = "com.apple.product-type.application";
		};
		D0C8BDBC2AA2CE6400094175 /* HackwichTwo_TestTests */ = {
			isa = PBXNativeTarget;
			buildConfigurationList = D0C8BDD42AA2CE6400094175 /* Build configuration list for PBXNativeTarget "HackwichTwo_TestTests" */;
			buildPhases = (
				D0C8BDB92AA2CE6400094175 /* Sources */,
				D0C8BDBA2AA2CE6400094175 /* Frameworks */,
				D0C8BDBB2AA2CE6400094175 /* Resources */,
			);
			buildRules = (
			);
			dependencies = (
				D0C8BDBF2AA2CE6400094175 /* PBXTargetDependency */,
			);
			name = HackwichTwo_TestTests;
			productName = HackwichTwo_TestTests;
			productReference = D0C8BDBD2AA2CE6400094175 /* HackwichTwo_TestTests.xctest */;
			productType = "com.apple.product-type.bundle.unit-test";
		};
		D0C8BDC62AA2CE6400094175 /* HackwichTwo_TestUITests */ = {
			isa = PBXNativeTarget;
			buildConfigurationList = D0C8BDD72AA2CE6400094175 /* Build configuration list for PBXNativeTarget "HackwichTwo_TestUITests" */;
			buildPhases = (
				D0C8BDC32AA2CE6400094175 /* Sources */,
				D0C8BDC42AA2CE6400094175 /* Frameworks */,
				D0C8BDC52AA2CE6400094175 /* Resources */,
			);
			buildRules = (
			);
			dependencies = (
				D0C8BDC92AA2CE6400094175 /* PBXTargetDependency */,
			);
			name = HackwichTwo_TestUITests;
			productName = HackwichTwo_TestUITests;
			productReference = D0C8BDC72AA2CE6400094175 /* HackwichTwo_TestUITests.xctest */;
			productType = "com.apple.product-type.bundle.ui-testing";
		};
/* End PBXNativeTarget section */

/* Begin PBXProject section */
		D0C8BD9F2AA2CE6100094175 /* Project object */ = {
			isa = PBXProject;
			attributes = {
				BuildIndependentTargetsInParallel = 1;
				LastSwiftUpdateCheck = 1340;
				LastUpgradeCheck = 1340;
				TargetAttributes = {
					D0C8BDA62AA2CE6100094175 = {
						CreatedOnToolsVersion = 13.4.1;
					};
					D0C8BDBC2AA2CE6400094175 = {
						CreatedOnToolsVersion = 13.4.1;
						TestTargetID = D0C8BDA62AA2CE6100094175;
					};
					D0C8BDC62AA2CE6400094175 = {
						CreatedOnToolsVersion = 13.4.1;
						TestTargetID = D0C8BDA62AA2CE6100094175;
					};
				};
			};
			buildConfigurationList = D0C8BDA22AA2CE6100094175 /* Build configuration list for PBXProject "HackwichTwo_Test" */;
			compatibilityVersion = "Xcode 13.0";
			developmentRegion = en;
			hasScannedForEncodings = 0;
			knownRegions = (
				en,
				Base,
			);
			mainGroup = D0C8BD9E2AA2CE6100094175;
			productRefGroup = D0C8BDA82AA2CE6100094175 /* Products */;
			projectDirPath = "";
			projectRoot = "";
			targets = (
				D0C8BDA62AA2CE6100094175 /* HackwichTwo_Test */,
				D0C8BDBC2AA2CE6400094175 /* HackwichTwo_TestTests */,
				D0C8BDC62AA2CE6400094175 /* HackwichTwo_TestUITests */,
			);
		};
/* End PBXProject section */

/* Begin PBXResourcesBuildPhase section */
		D0C8BDA52AA2CE6100094175 /* Resources */ = {
			isa = PBXResourcesBuildPhase;
			buildActionMask = 2147483647;
			files = (
				D0C8BDB72AA2CE6400094175 /* LaunchScreen.storyboard in Resources */,
				D0C8BDB42AA2CE6400094175 /* Assets.xcassets in Resources */,
				D0C8BDB22AA2CE6100094175 /* Main.storyboard in Resources */,
			);
			runOnlyForDeploymentPostprocessing = 0;
		};
		D0C8BDBB2AA2CE6400094175 /* Resources */ = {
			isa = PBXResourcesBuildPhase;
			buildActionMask = 2147483647;
			files = (
			);
			runOnlyForDeploymentPostprocessing = 0;
		};
		D0C8BDC52AA2CE6400094175 /* Resources */ = {
			isa = PBXResourcesBuildPhase;
			buildActionMask = 2147483647;
			files = (
			);
			runOnlyForDeploymentPostprocessing = 0;
		};
/* End PBXResourcesBuildPhase section */

/* Begin PBXSourcesBuildPhase section */
		D0C8BDA32AA2CE6100094175 /* Sources */ = {
			isa = PBXSourcesBuildPhase;
			buildActionMask = 2147483647;
			files = (
				D0C8BE192AA8FEBD00094175 /* secondViewController.swift in Sources */,
				D0C8BDAF2AA2CE6100094175 /* ViewController.swift in Sources */,
				D0C8BDAB2AA2CE6100094175 /* AppDelegate.swift in Sources */,
				D0C8BDAD2AA2CE6100094175 /* SceneDelegate.swift in Sources */,
			);
			runOnlyForDeploymentPostprocessing = 0;
		};
		D0C8BDB92AA2CE6400094175 /* Sources */ = {
			isa = PBXSourcesBuildPhase;
			buildActionMask = 2147483647;
			files = (
				D0C8BDC22AA2CE6400094175 /* HackwichTwo_TestTests.swift in Sources */,
			);
			runOnlyForDeploymentPostprocessing = 0;
		};
		D0C8BDC32AA2CE6400094175 /* Sources */ = {
			isa = PBXSourcesBuildPhase;
			buildActionMask = 2147483647;
			files = (
				D0C8BDCC2AA2CE6400094175 /* HackwichTwo_TestUITests.swift in Sources */,
				D0C8BDCE2AA2CE6400094175 /* HackwichTwo_TestUITestsLaunchTests.swift in Sources */,
			);
			runOnlyForDeploymentPostprocessing = 0;
		};
/* End PBXSourcesBuildPhase section */

/* Begin PBXTargetDependency section */
		D0C8BDBF2AA2CE6400094175 /* PBXTargetDependency */ = {
			isa = PBXTargetDependency;
			target = D0C8BDA62AA2CE6100094175 /* HackwichTwo_Test */;
			targetProxy = D0C8BDBE2AA2CE6400094175 /* PBXContainerItemProxy */;
		};
		D0C8BDC92AA2CE6400094175 /* PBXTargetDependency */ = {
			isa = PBXTargetDependency;
			target = D0C8BDA62AA2CE6100094175 /* HackwichTwo_Test */;
			targetProxy = D0C8BDC82AA2CE6400094175 /* PBXContainerItemProxy */;
		};
/* End PBXTargetDependency section */

/* Begin PBXVariantGroup section */
		D0C8BDB02AA2CE6100094175 /* Main.storyboard */ = {
			isa = PBXVariantGroup;
			children = (
				D0C8BDB12AA2CE6100094175 /* Base */,
			);
			name = Main.storyboard;
			sourceTree = "<group>";
		};
		D0C8BDB52AA2CE6400094175 /* LaunchScreen.storyboard */ = {
			isa = PBXVariantGroup;
			children = (
				D0C8BDB62AA2CE6400094175 /* Base */,
			);
			name = LaunchScreen.storyboard;
			sourceTree = "<group>";
		};
/* End PBXVariantGroup section */

/* Begin XCBuildConfiguration section */
		D0C8BDCF2AA2CE6400094175 /* Debug */ = {
			isa = XCBuildConfiguration;
			buildSettings = {
				ALWAYS_SEARCH_USER_PATHS = NO;
				CLANG_ANALYZER_NONNULL = YES;
				CLANG_ANALYZER_NUMBER_OBJECT_CONVERSION = YES_AGGRESSIVE;
				CLANG_CXX_LANGUAGE_STANDARD = "gnu++17";
				CLANG_ENABLE_MODULES = YES;
				CLANG_ENABLE_OBJC_ARC = YES;
				CLANG_ENABLE_OBJC_WEAK = YES;
				CLANG_WARN_BLOCK_CAPTURE_AUTORELEASING = YES;
				CLANG_WARN_BOOL_CONVERSION = YES;
				CLANG_WARN_COMMA = YES;
				CLANG_WARN_CONSTANT_CONVERSION = YES;
				CLANG_WARN_DEPRECATED_OBJC_IMPLEMENTATIONS = YES;
				CLANG_WARN_DIRECT_OBJC_ISA_USAGE = YES_ERROR;
				CLANG_WARN_DOCUMENTATION_COMMENTS = YES;
				CLANG_WARN_EMPTY_BODY = YES;
				CLANG_WARN_ENUM_CONVERSION = YES;
				CLANG_WARN_INFINITE_RECURSION = YES;
				CLANG_WARN_INT_CONVERSION = YES;
				CLANG_WARN_NON_LITERAL_NULL_CONVERSION = YES;
				CLANG_WARN_OBJC_IMPLICIT_RETAIN_SELF = YES;
				CLANG_WARN_OBJC_LITERAL_CONVERSION = YES;
				CLANG_WARN_OBJC_ROOT_CLASS = YES_ERROR;
				CLANG_WARN_QUOTED_INCLUDE_IN_FRAMEWORK_HEADER = YES;
				CLANG_WARN_RANGE_LOOP_ANALYSIS = YES;
				CLANG_WARN_STRICT_PROTOTYPES = YES;
				CLANG_WARN_SUSPICIOUS_MOVE = YES;
				CLANG_WARN_UNGUARDED_AVAILABILITY = YES_AGGRESSIVE;
				CLANG_WARN_UNREACHABLE_CODE = YES;
				CLANG_WARN__DUPLICATE_METHOD_MATCH = YES;
				COPY_PHASE_STRIP = NO;
				DEBUG_INFORMATION_FORMAT = dwarf;
				ENABLE_STRICT_OBJC_MSGSEND = YES;
				ENABLE_TESTABILITY = YES;
				GCC_C_LANGUAGE_STANDARD = gnu11;
				GCC_DYNAMIC_NO_PIC = NO;
				GCC_NO_COMMON_BLOCKS = YES;
				GCC_OPTIMIZATION_LEVEL = 0;
				GCC_PREPROCESSOR_DEFINITIONS = (
					"DEBUG=1",
					"$(inherited)",
				);
				GCC_WARN_64_TO_32_BIT_CONVERSION = YES;
				GCC_WARN_ABOUT_RETURN_TYPE = YES_ERROR;
				GCC_WARN_UNDECLARED_SELECTOR = YES;
				GCC_WARN_UNINITIALIZED_AUTOS = YES_AGGRESSIVE;
				GCC_WARN_UNUSED_FUNCTION = YES;
				GCC_WARN_UNUSED_VARIABLE = YES;
				IPHONEOS_DEPLOYMENT_TARGET = 15.5;
				MTL_ENABLE_DEBUG_INFO = INCLUDE_SOURCE;
				MTL_FAST_MATH = YES;
				ONLY_ACTIVE_ARCH = YES;
				SDKROOT = iphoneos;
				SWIFT_ACTIVE_COMPILATION_CONDITIONS = DEBUG;
				SWIFT_OPTIMIZATION_LEVEL = "-Onone";
			};
			name = Debug;
		};
		D0C8BDD02AA2CE6400094175 /* Release */ = {
			isa = XCBuildConfiguration;
			buildSettings = {
				ALWAYS_SEARCH_USER_PATHS = NO;
				CLANG_ANALYZER_NONNULL = YES;
				CLANG_ANALYZER_NUMBER_OBJECT_CONVERSION = YES_AGGRESSIVE;
				CLANG_CXX_LANGUAGE_STANDARD = "gnu++17";
				CLANG_ENABLE_MODULES = YES;
				CLANG_ENABLE_OBJC_ARC = YES;
				CLANG_ENABLE_OBJC_WEAK = YES;
				CLANG_WARN_BLOCK_CAPTURE_AUTORELEASING = YES;
				CLANG_WARN_BOOL_CONVERSION = YES;
				CLANG_WARN_COMMA = YES;
				CLANG_WARN_CONSTANT_CONVERSION = YES;
				CLANG_WARN_DEPRECATED_OBJC_IMPLEMENTATIONS = YES;
				CLANG_WARN_DIRECT_OBJC_ISA_USAGE = YES_ERROR;
				CLANG_WARN_DOCUMENTATION_COMMENTS = YES;
				CLANG_WARN_EMPTY_BODY = YES;
				CLANG_WARN_ENUM_CONVERSION = YES;
				CLANG_WARN_INFINITE_RECURSION = YES;
				CLANG_WARN_INT_CONVERSION = YES;
				CLANG_WARN_NON_LITERAL_NULL_CONVERSION = YES;
				CLANG_WARN_OBJC_IMPLICIT_RETAIN_SELF = YES;
				CLANG_WARN_OBJC_LITERAL_CONVERSION = YES;
				CLANG_WARN_OBJC_ROOT_CLASS = YES_ERROR;
				CLANG_WARN_QUOTED_INCLUDE_IN_FRAMEWORK_HEADER = YES;
				CLANG_WARN_RANGE_LOOP_ANALYSIS = YES;
				CLANG_WARN_STRICT_PROTOTYPES = YES;
				CLANG_WARN_SUSPICIOUS_MOVE = YES;
				CLANG_WARN_UNGUARDED_AVAILABILITY = YES_AGGRESSIVE;
				CLANG_WARN_UNREACHABLE_CODE = YES;
				CLANG_WARN__DUPLICATE_METHOD_MATCH = YES;
				COPY_PHASE_STRIP = NO;
				DEBUG_INFORMATION_FORMAT = "dwarf-with-dsym";
				ENABLE_NS_ASSERTIONS = NO;
				ENABLE_STRICT_OBJC_MSGSEND = YES;
				GCC_C_LANGUAGE_STANDARD = gnu11;
				GCC_NO_COMMON_BLOCKS = YES;
				GCC_WARN_64_TO_32_BIT_CONVERSION = YES;
				GCC_WARN_ABOUT_RETURN_TYPE = YES_ERROR;
				GCC_WARN_UNDECLARED_SELECTOR = YES;
				GCC_WARN_UNINITIALIZED_AUTOS = YES_AGGRESSIVE;
				GCC_WARN_UNUSED_FUNCTION = YES;
				GCC_WARN_UNUSED_VARIABLE = YES;
				IPHONEOS_DEPLOYMENT_TARGET = 15.5;
				MTL_ENABLE_DEBUG_INFO = NO;
				MTL_FAST_MATH = YES;
				SDKROOT = iphoneos;
				SWIFT_COMPILATION_MODE = wholemodule;
				SWIFT_OPTIMIZATION_LEVEL = "-O";
				VALIDATE_PRODUCT = YES;
			};
			name = Release;
		};
		D0C8BDD22AA2CE6400094175 /* Debug */ = {
			isa = XCBuildConfiguration;
			buildSettings = {
				ASSETCATALOG_COMPILER_APPICON_NAME = AppIcon;
				ASSETCATALOG_COMPILER_GLOBAL_ACCENT_COLOR_NAME = AccentColor;
				CODE_SIGN_STYLE = Automatic;
				CURRENT_PROJECT_VERSION = 1;
				DEVELOPMENT_TEAM = RKE9UY8PW2;
				GENERATE_INFOPLIST_FILE = YES;
				INFOPLIST_FILE = HackwichTwo_Test/Info.plist;
				INFOPLIST_KEY_UIApplicationSupportsIndirectInputEvents = YES;
				INFOPLIST_KEY_UILaunchStoryboardName = LaunchScreen;
				INFOPLIST_KEY_UIMainStoryboardFile = Main;
				INFOPLIST_KEY_UISupportedInterfaceOrientations_iPad = "UIInterfaceOrientationPortrait UIInterfaceOrientationPortraitUpsideDown UIInterfaceOrientationLandscapeLeft UIInterfaceOrientationLandscapeRight";
				INFOPLIST_KEY_UISupportedInterfaceOrientations_iPhone = "UIInterfaceOrientationPortrait UIInterfaceOrientationLandscapeLeft UIInterfaceOrientationLandscapeRight";
				LD_RUNPATH_SEARCH_PATHS = (
					"$(inherited)",
					"@executable_path/Frameworks",
				);
				MARKETING_VERSION = 1.0;
				PRODUCT_BUNDLE_IDENTIFIER = "UHWO.HackwichTwo-Test";
				PRODUCT_NAME = "$(TARGET_NAME)";
				SWIFT_EMIT_LOC_STRINGS = YES;
				SWIFT_VERSION = 5.0;
				TARGETED_DEVICE_FAMILY = "1,2";
			};
			name = Debug;
		};
		D0C8BDD32AA2CE6400094175 /* Release */ = {
			isa = XCBuildConfiguration;
			buildSettings = {
				ASSETCATALOG_COMPILER_APPICON_NAME = AppIcon;
				ASSETCATALOG_COMPILER_GLOBAL_ACCENT_COLOR_NAME = AccentColor;
				CODE_SIGN_STYLE = Automatic;
				CURRENT_PROJECT_VERSION = 1;
				DEVELOPMENT_TEAM = RKE9UY8PW2;
				GENERATE_INFOPLIST_FILE = YES;
				INFOPLIST_FILE = HackwichTwo_Test/Info.plist;
				INFOPLIST_KEY_UIApplicationSupportsIndirectInputEvents = YES;
				INFOPLIST_KEY_UILaunchStoryboardName = LaunchScreen;
				INFOPLIST_KEY_UIMainStoryboardFile = Main;
				INFOPLIST_KEY_UISupportedInterfaceOrientations_iPad = "UIInterfaceOrientationPortrait UIInterfaceOrientationPortraitUpsideDown UIInterfaceOrientationLandscapeLeft UIInterfaceOrientationLandscapeRight";
				INFOPLIST_KEY_UISupportedInterfaceOrientations_iPhone = "UIInterfaceOrientationPortrait UIInterfaceOrientationLandscapeLeft UIInterfaceOrientationLandscapeRight";
				LD_RUNPATH_SEARCH_PATHS = (
					"$(inherited)",
					"@executable_path/Frameworks",
				);
				MARKETING_VERSION = 1.0;
				PRODUCT_BUNDLE_IDENTIFIER = "UHWO.HackwichTwo-Test";
				PRODUCT_NAME = "$(TARGET_NAME)";
				SWIFT_EMIT_LOC_STRINGS = YES;
				SWIFT_VERSION = 5.0;
				TARGETED_DEVICE_FAMILY = "1,2";
			};
			name = Release;
		};
		D0C8BDD52AA2CE6400094175 /* Debug */ = {
			isa = XCBuildConfiguration;
			buildSettings = {
				ALWAYS_EMBED_SWIFT_STANDARD_LIBRARIES = YES;
				BUNDLE_LOADER = "$(TEST_HOST)";
				CODE_SIGN_STYLE = Automatic;
				CURRENT_PROJECT_VERSION = 1;
				DEVELOPMENT_TEAM = RKE9UY8PW2;
				GENERATE_INFOPLIST_FILE = YES;
				IPHONEOS_DEPLOYMENT_TARGET = 15.5;
				MARKETING_VERSION = 1.0;
				PRODUCT_BUNDLE_IDENTIFIER = "UHWO.HackwichTwo-TestTests";
				PRODUCT_NAME = "$(TARGET_NAME)";
				SWIFT_EMIT_LOC_STRINGS = NO;
				SWIFT_VERSION = 5.0;
				TARGETED_DEVICE_FAMILY = "1,2";
				TEST_HOST = "$(BUILT_PRODUCTS_DIR)/HackwichTwo_Test.app/HackwichTwo_Test";
			};
			name = Debug;
		};
		D0C8BDD62AA2CE6400094175 /* Release */ = {
			isa = XCBuildConfiguration;
			buildSettings = {
				ALWAYS_EMBED_SWIFT_STANDARD_LIBRARIES = YES;
				BUNDLE_LOADER = "$(TEST_HOST)";
				CODE_SIGN_STYLE = Automatic;
				CURRENT_PROJECT_VERSION = 1;
				DEVELOPMENT_TEAM = RKE9UY8PW2;
				GENERATE_INFOPLIST_FILE = YES;
				IPHONEOS_DEPLOYMENT_TARGET = 15.5;
				MARKETING_VERSION = 1.0;
				PRODUCT_BUNDLE_IDENTIFIER = "UHWO.HackwichTwo-TestTests";
				PRODUCT_NAME = "$(TARGET_NAME)";
				SWIFT_EMIT_LOC_STRINGS = NO;
				SWIFT_VERSION = 5.0;
				TARGETED_DEVICE_FAMILY = "1,2";
				TEST_HOST = "$(BUILT_PRODUCTS_DIR)/HackwichTwo_Test.app/HackwichTwo_Test";
			};
			name = Release;
		};
		D0C8BDD82AA2CE6400094175 /* Debug */ = {
			isa = XCBuildConfiguration;
			buildSettings = {
				ALWAYS_EMBED_SWIFT_STANDARD_LIBRARIES = YES;
				CODE_SIGN_STYLE = Automatic;
				CURRENT_PROJECT_VERSION = 1;
				DEVELOPMENT_TEAM = RKE9UY8PW2;
				GENERATE_INFOPLIST_FILE = YES;
				MARKETING_VERSION = 1.0;
				PRODUCT_BUNDLE_IDENTIFIER = "UHWO.HackwichTwo-TestUITests";
				PRODUCT_NAME = "$(TARGET_NAME)";
				SWIFT_EMIT_LOC_STRINGS = NO;
				SWIFT_VERSION = 5.0;
				TARGETED_DEVICE_FAMILY = "1,2";
				TEST_TARGET_NAME = HackwichTwo_Test;
			};
			name = Debug;
		};
		D0C8BDD92AA2CE6400094175 /* Release */ = {
			isa = XCBuildConfiguration;
			buildSettings = {
				ALWAYS_EMBED_SWIFT_STANDARD_LIBRARIES = YES;
				CODE_SIGN_STYLE = Automatic;
				CURRENT_PROJECT_VERSION = 1;
				DEVELOPMENT_TEAM = RKE9UY8PW2;
				GENERATE_INFOPLIST_FILE = YES;
				MARKETING_VERSION = 1.0;
				PRODUCT_BUNDLE_IDENTIFIER = "UHWO.HackwichTwo-TestUITests";
				PRODUCT_NAME = "$(TARGET_NAME)";
				SWIFT_EMIT_LOC_STRINGS = NO;
				SWIFT_VERSION = 5.0;
				TARGETED_DEVICE_FAMILY = "1,2";
				TEST_TARGET_NAME = HackwichTwo_Test;
			};
			name = Release;
		};
/* End XCBuildConfiguration section */

/* Begin XCConfigurationList section */
		D0C8BDA22AA2CE6100094175 /* Build configuration list for PBXProject "HackwichTwo_Test" */ = {
			isa = XCConfigurationList;
			buildConfigurations = (
				D0C8BDCF2AA2CE6400094175 /* Debug */,
				D0C8BDD02AA2CE6400094175 /* Release */,
			);
			defaultConfigurationIsVisible = 0;
			defaultConfigurationName = Release;
		};
		D0C8BDD12AA2CE6400094175 /* Build configuration list for PBXNativeTarget "HackwichTwo_Test" */ = {
			isa = XCConfigurationList;
			buildConfigurations = (
				D0C8BDD22AA2CE6400094175 /* Debug */,
				D0C8BDD32AA2CE6400094175 /* Release */,
			);
			defaultConfigurationIsVisible = 0;
			defaultConfigurationName = Release;
		};
		D0C8BDD42AA2CE6400094175 /* Build configuration list for PBXNativeTarget "HackwichTwo_TestTests" */ = {
			isa = XCConfigurationList;
			buildConfigurations = (
				D0C8BDD52AA2CE6400094175 /* Debug */,
				D0C8BDD62AA2CE6400094175 /* Release */,
			);
			defaultConfigurationIsVisible = 0;
			defaultConfigurationName = Release;
		};
		D0C8BDD72AA2CE6400094175 /* Build configuration list for PBXNativeTarget "HackwichTwo_TestUITests" */ = {
			isa = XCConfigurationList;
			buildConfigurations = (
				D0C8BDD82AA2CE6400094175 /* Debug */,
				D0C8BDD92AA2CE6400094175 /* Release */,
			);
			defaultConfigurationIsVisible = 0;
			defaultConfigurationName = Release;
		};
/* End XCConfigurationList section */
	};
	rootObject = D0C8BD9F2AA2CE6100094175 /* Project object */;
}
